{
  "name": "electro-demo",
  "version": "1.0.0",
  "lockfileVersion": 1,
  "requires": true,
  "dependencies": {
    "electrodb": {
      "version": "1.4.1",
      "resolved": "https://registry.npmjs.org/electrodb/-/electrodb-1.4.1.tgz",
      "integrity": "sha512-JmGFDjuYtdS9Y41lJF19r9UhcZQ4OdwGlp0H1uXl0CPaYvIA6zS/kBuijZ/5YYzojP5phbOqNG8Ly6U1+HldmA==",
      "requires": {
        "jsonschema": "1.2.7"
      }
    },
    "jsonschema": {
      "version": "1.2.7",
      "resolved": "https://registry.npmjs.org/jsonschema/-/jsonschema-1.2.7.tgz",
      "integrity": "sha512-3dFMg9hmI9LdHag/BRIhMefCfbq1hicvYMy8YhZQorAdzOzWz7NjniSpn39yjpzUAMIWtGyyZuH2KNBloH7ZLw=="
    }
  }
}
